
Microsoft Visual Studio Solution File, Format Version 12.00
# Visual Studio Version 16
VisualStudioVersion = 16.0.29709.97
MinimumVisualStudioVersion = 10.0.40219.1
Project("{2150E333-8FDC-42A3-9474-1A3956D46DE8}") = "Solution Items", "Solution Items", "{1D27767B-10F2-42DC-BD84-3D4EEDBF842D}"
	ProjectSection(SolutionItems) = preProject
		Haley.png = Haley.png
		Script.txt = Script.txt
	EndProjectSection
EndProject
Project("{FAE04EC0-301F-11D3-BF4B-00C04F79EFBC}") = "HaleyWpf", "_CORE_PROJECTS\HaleyWPF\HaleyWpf.csproj", "{D1C340F8-0DA5-4121-B39C-25A8D7E8D79F}"
EndProject
Project("{FAE04EC0-301F-11D3-BF4B-00C04F79EFBC}") = "Development", "_TESTING_PROJECTS\Development\Development.csproj", "{72513BDE-C10F-4CAD-9F3B-630DE42DB489}"
EndProject
Project("{FAE04EC0-301F-11D3-BF4B-00C04F79EFBC}") = "DevelopmentWPF", "_TESTING_PROJECTS\DevelopmentWPF\DevelopmentWPF.csproj", "{F21E9AC8-6B35-43AC-BAE9-81A73E12587A}"
EndProject
Project("{FAE04EC0-301F-11D3-BF4B-00C04F79EFBC}") = "HaleyMVVM", "_CORE_PROJECTS\HaleyMVVM\HaleyMVVM.csproj", "{2B30F59F-50AF-40D7-A0D5-9C8C12733A62}"
EndProject
Project("{FAE04EC0-301F-11D3-BF4B-00C04F79EFBC}") = "DevelopmentConsole", "_TESTING_PROJECTS\DevelopmentConsole\DevelopmentConsole.csproj", "{41BF72E9-0EAC-4689-B605-FD3A569FC013}"
EndProject
Project("{9A19103F-16F7-4668-BE54-9A1E7A4F7556}") = "HaleyHelpers", "_CORE_PROJECTS\HaleyHelpers\HaleyHelpers.csproj", "{D2EBCB6B-25ED-49A8-A243-F9F4376CF6A5}"
EndProject
Project("{9A19103F-16F7-4668-BE54-9A1E7A4F7556}") = "HaleyLog", "_CORE_PROJECTS\HaleyLog\HaleyLog.csproj", "{AB40D102-03D6-453E-BFEF-2DEC9DE47559}"
EndProject
Project("{FAE04EC0-301F-11D3-BF4B-00C04F79EFBC}") = "WPFTest", "_TESTING_PROJECTS\Test\WPFTest.csproj", "{517F747C-A2CE-4670-8BC3-E574617B64F0}"
EndProject
Project("{D954291E-2A0B-460D-934E-DC6B0785DB48}") = "Shared.Haley.MVVM", "_SHARED_PROJECTS\Shared.HaleyMVVM\Shared.Haley.MVVM.shproj", "{8C8B69C6-D351-4D8D-8F16-F9ED4085ACA4}"
EndProject
Project("{9A19103F-16F7-4668-BE54-9A1E7A4F7556}") = "HaleyMVVMCore", "_CORE_PROJECTS\HaleyMVVMCore\HaleyMVVMCore.csproj", "{BF38B439-322C-47C3-BE24-22C6880FF797}"
EndProject
Project("{D954291E-2A0B-460D-934E-DC6B0785DB48}") = "Shared.WPFTest", "_SHARED_PROJECTS\Shared.WPFTest\Shared.WPFTest.shproj", "{BAB354C2-2354-49E2-916E-E04C7FF6C55D}"
EndProject
Project("{D954291E-2A0B-460D-934E-DC6B0785DB48}") = "Shared.Haley.Utils", "_SHARED_PROJECTS\Haley.Shared.Enums\Shared.Haley.Utils.shproj", "{99F9AC58-39F1-44B2-BAC0-3E7AAAC68CE5}"
EndProject
Project("{9A19103F-16F7-4668-BE54-9A1E7A4F7556}") = "WPFTest.Core", "_TESTING_PROJECTS\WPFTest.Core\WPFTest.Core.csproj", "{981D9C5B-2A08-4A62-9F14-5E7F01549B0F}"
EndProject
Project("{9A19103F-16F7-4668-BE54-9A1E7A4F7556}") = "HaleyRuleEngine", "_CORE_PROJECTS\HaleyRuleEngine\HaleyRuleEngine.csproj", "{375B8734-C155-44EB-9D66-09B3C6D20E11}"
EndProject
Project("{2150E333-8FDC-42A3-9474-1A3956D46DE8}") = "Shared", "Shared", "{85EA5B52-61E1-4611-8AE0-DC52E39E9EC4}"
EndProject
Project("{2150E333-8FDC-42A3-9474-1A3956D46DE8}") = "Testing", "Testing", "{A04A754A-F561-43EB-98BC-25455CB7FC81}"
	ProjectSection(SolutionItems) = preProject
		Script.txt = Script.txt
	EndProjectSection
EndProject
Project("{2150E333-8FDC-42A3-9474-1A3956D46DE8}") = "PUBLIC PACKAGES", "PUBLIC PACKAGES", "{68CA4F47-21DF-4A34-A6B8-0E5193B94D2A}"
	ProjectSection(SolutionItems) = preProject
		NuGetOutput\PUBLIC\CopyPackagesToLocalSource.bat = NuGetOutput\PUBLIC\CopyPackagesToLocalSource.bat
		NuGetOutput\PUBLIC\CreateNugetPackage-64.bat = NuGetOutput\PUBLIC\CreateNugetPackage-64.bat
		NuGetOutput\PUBLIC\CreateNugetPackage-AnyCPU-Individual.bat = NuGetOutput\PUBLIC\CreateNugetPackage-AnyCPU-Individual.bat
		NuGetOutput\PUBLIC\CreateNugetPackage-AnyCPU.bat = NuGetOutput\PUBLIC\CreateNugetPackage-AnyCPU.bat
		NuGetOutput\PUBLIC\PublishPackage.bat = NuGetOutput\PUBLIC\PublishPackage.bat
	EndProjectSection
EndProject
Project("{FAE04EC0-301F-11D3-BF4B-00C04F79EFBC}") = "HaleySnippets", "_CORE_PROJECTS\HaleySnippets\HaleySnippets.csproj", "{4BAE19DA-7077-41E5-B93A-562F89210B79}"
EndProject
Global
	GlobalSection(SharedMSBuildProjectFiles) = preSolution
		_SHARED_PROJECTS\Haley.Shared.Enums\Haley.Shared.Enums.projitems*{2b30f59f-50af-40d7-a0d5-9c8c12733a62}*SharedItemsImports = 4
		_SHARED_PROJECTS\Shared.HaleyMVVM\Shared.HaleyMVVM.projitems*{2b30f59f-50af-40d7-a0d5-9c8c12733a62}*SharedItemsImports = 4
		_SHARED_PROJECTS\Haley.Shared.Enums\Haley.Shared.Enums.projitems*{375b8734-c155-44eb-9d66-09b3c6d20e11}*SharedItemsImports = 5
		_SHARED_PROJECTS\Haley.Shared.Enums\Haley.Shared.Enums.projitems*{41bf72e9-0eac-4689-b605-fd3a569fc013}*SharedItemsImports = 4
		_SHARED_PROJECTS\Shared.WPFTest\Shared.WPFTest.projitems*{517f747c-a2ce-4670-8bc3-e574617b64f0}*SharedItemsImports = 4
		_SHARED_PROJECTS\Shared.HaleyMVVM\Shared.HaleyMVVM.projitems*{8c8b69c6-d351-4d8d-8f16-f9ed4085aca4}*SharedItemsImports = 13
		_SHARED_PROJECTS\Haley.Shared.Enums\Haley.Shared.Enums.projitems*{99f9ac58-39f1-44b2-bac0-3e7aaac68ce5}*SharedItemsImports = 13
		_SHARED_PROJECTS\Shared.WPFTest\Shared.WPFTest.projitems*{bab354c2-2354-49e2-916e-e04c7ff6c55d}*SharedItemsImports = 13
		_SHARED_PROJECTS\Haley.Shared.Enums\Haley.Shared.Enums.projitems*{bf38b439-322c-47c3-be24-22c6880ff797}*SharedItemsImports = 5
		_SHARED_PROJECTS\Shared.HaleyMVVM\Shared.HaleyMVVM.projitems*{bf38b439-322c-47c3-be24-22c6880ff797}*SharedItemsImports = 5
		_SHARED_PROJECTS\Haley.Shared.Enums\Haley.Shared.Enums.projitems*{d2ebcb6b-25ed-49a8-a243-f9f4376cf6a5}*SharedItemsImports = 5
	EndGlobalSection
	GlobalSection(SolutionConfigurationPlatforms) = preSolution
		Debug|Any CPU = Debug|Any CPU
		Debug|x64 = Debug|x64
		Release|Any CPU = Release|Any CPU
		Release|x64 = Release|x64
	EndGlobalSection
	GlobalSection(ProjectConfigurationPlatforms) = postSolution
		{D1C340F8-0DA5-4121-B39C-25A8D7E8D79F}.Debug|Any CPU.ActiveCfg = Debug|Any CPU
		{D1C340F8-0DA5-4121-B39C-25A8D7E8D79F}.Debug|Any CPU.Build.0 = Debug|Any CPU
		{D1C340F8-0DA5-4121-B39C-25A8D7E8D79F}.Debug|x64.ActiveCfg = Debug|x64
		{D1C340F8-0DA5-4121-B39C-25A8D7E8D79F}.Debug|x64.Build.0 = Debug|x64
		{D1C340F8-0DA5-4121-B39C-25A8D7E8D79F}.Release|Any CPU.ActiveCfg = Release|Any CPU
		{D1C340F8-0DA5-4121-B39C-25A8D7E8D79F}.Release|Any CPU.Build.0 = Release|Any CPU
		{D1C340F8-0DA5-4121-B39C-25A8D7E8D79F}.Release|x64.ActiveCfg = Release|x64
		{D1C340F8-0DA5-4121-B39C-25A8D7E8D79F}.Release|x64.Build.0 = Release|x64
		{72513BDE-C10F-4CAD-9F3B-630DE42DB489}.Debug|Any CPU.ActiveCfg = Debug|Any CPU
		{72513BDE-C10F-4CAD-9F3B-630DE42DB489}.Debug|Any CPU.Build.0 = Debug|Any CPU
		{72513BDE-C10F-4CAD-9F3B-630DE42DB489}.Debug|x64.ActiveCfg = Debug|Any CPU
		{72513BDE-C10F-4CAD-9F3B-630DE42DB489}.Release|Any CPU.ActiveCfg = Release|Any CPU
		{72513BDE-C10F-4CAD-9F3B-630DE42DB489}.Release|Any CPU.Build.0 = Release|Any CPU
		{72513BDE-C10F-4CAD-9F3B-630DE42DB489}.Release|x64.ActiveCfg = Release|Any CPU
		{F21E9AC8-6B35-43AC-BAE9-81A73E12587A}.Debug|Any CPU.ActiveCfg = Debug|Any CPU
		{F21E9AC8-6B35-43AC-BAE9-81A73E12587A}.Debug|Any CPU.Build.0 = Debug|Any CPU
		{F21E9AC8-6B35-43AC-BAE9-81A73E12587A}.Debug|x64.ActiveCfg = Debug|Any CPU
		{F21E9AC8-6B35-43AC-BAE9-81A73E12587A}.Release|Any CPU.ActiveCfg = Release|Any CPU
		{F21E9AC8-6B35-43AC-BAE9-81A73E12587A}.Release|Any CPU.Build.0 = Release|Any CPU
		{F21E9AC8-6B35-43AC-BAE9-81A73E12587A}.Release|x64.ActiveCfg = Release|Any CPU
		{2B30F59F-50AF-40D7-A0D5-9C8C12733A62}.Debug|Any CPU.ActiveCfg = Debug|Any CPU
		{2B30F59F-50AF-40D7-A0D5-9C8C12733A62}.Debug|Any CPU.Build.0 = Debug|Any CPU
		{2B30F59F-50AF-40D7-A0D5-9C8C12733A62}.Debug|x64.ActiveCfg = Debug|x64
		{2B30F59F-50AF-40D7-A0D5-9C8C12733A62}.Debug|x64.Build.0 = Debug|x64
		{2B30F59F-50AF-40D7-A0D5-9C8C12733A62}.Release|Any CPU.ActiveCfg = Release|Any CPU
		{2B30F59F-50AF-40D7-A0D5-9C8C12733A62}.Release|Any CPU.Build.0 = Release|Any CPU
		{2B30F59F-50AF-40D7-A0D5-9C8C12733A62}.Release|x64.ActiveCfg = Release|x64
		{2B30F59F-50AF-40D7-A0D5-9C8C12733A62}.Release|x64.Build.0 = Release|x64
		{41BF72E9-0EAC-4689-B605-FD3A569FC013}.Debug|Any CPU.ActiveCfg = Debug|Any CPU
		{41BF72E9-0EAC-4689-B605-FD3A569FC013}.Debug|Any CPU.Build.0 = Debug|Any CPU
		{41BF72E9-0EAC-4689-B605-FD3A569FC013}.Debug|x64.ActiveCfg = Debug|Any CPU
		{41BF72E9-0EAC-4689-B605-FD3A569FC013}.Debug|x64.Build.0 = Debug|Any CPU
		{41BF72E9-0EAC-4689-B605-FD3A569FC013}.Release|Any CPU.ActiveCfg = Release|Any CPU
		{41BF72E9-0EAC-4689-B605-FD3A569FC013}.Release|Any CPU.Build.0 = Release|Any CPU
		{41BF72E9-0EAC-4689-B605-FD3A569FC013}.Release|x64.ActiveCfg = Release|Any CPU
		{41BF72E9-0EAC-4689-B605-FD3A569FC013}.Release|x64.Build.0 = Release|Any CPU
		{D2EBCB6B-25ED-49A8-A243-F9F4376CF6A5}.Debug|Any CPU.ActiveCfg = Debug|Any CPU
		{D2EBCB6B-25ED-49A8-A243-F9F4376CF6A5}.Debug|Any CPU.Build.0 = Debug|Any CPU
		{D2EBCB6B-25ED-49A8-A243-F9F4376CF6A5}.Debug|x64.ActiveCfg = Debug|Any CPU
		{D2EBCB6B-25ED-49A8-A243-F9F4376CF6A5}.Debug|x64.Build.0 = Debug|Any CPU
		{D2EBCB6B-25ED-49A8-A243-F9F4376CF6A5}.Release|Any CPU.ActiveCfg = Release|Any CPU
		{D2EBCB6B-25ED-49A8-A243-F9F4376CF6A5}.Release|Any CPU.Build.0 = Release|Any CPU
		{D2EBCB6B-25ED-49A8-A243-F9F4376CF6A5}.Release|x64.ActiveCfg = Release|Any CPU
		{D2EBCB6B-25ED-49A8-A243-F9F4376CF6A5}.Release|x64.Build.0 = Release|Any CPU
		{AB40D102-03D6-453E-BFEF-2DEC9DE47559}.Debug|Any CPU.ActiveCfg = Debug|Any CPU
		{AB40D102-03D6-453E-BFEF-2DEC9DE47559}.Debug|Any CPU.Build.0 = Debug|Any CPU
		{AB40D102-03D6-453E-BFEF-2DEC9DE47559}.Debug|x64.ActiveCfg = Debug|Any CPU
		{AB40D102-03D6-453E-BFEF-2DEC9DE47559}.Debug|x64.Build.0 = Debug|Any CPU
		{AB40D102-03D6-453E-BFEF-2DEC9DE47559}.Release|Any CPU.ActiveCfg = Release|Any CPU
		{AB40D102-03D6-453E-BFEF-2DEC9DE47559}.Release|Any CPU.Build.0 = Release|Any CPU
		{AB40D102-03D6-453E-BFEF-2DEC9DE47559}.Release|x64.ActiveCfg = Release|Any CPU
		{AB40D102-03D6-453E-BFEF-2DEC9DE47559}.Release|x64.Build.0 = Release|Any CPU
		{517F747C-A2CE-4670-8BC3-E574617B64F0}.Debug|Any CPU.ActiveCfg = Debug|Any CPU
		{517F747C-A2CE-4670-8BC3-E574617B64F0}.Debug|Any CPU.Build.0 = Debug|Any CPU
		{517F747C-A2CE-4670-8BC3-E574617B64F0}.Debug|x64.ActiveCfg = Debug|Any CPU
		{517F747C-A2CE-4670-8BC3-E574617B64F0}.Debug|x64.Build.0 = Debug|Any CPU
		{517F747C-A2CE-4670-8BC3-E574617B64F0}.Release|Any CPU.ActiveCfg = Release|Any CPU
		{517F747C-A2CE-4670-8BC3-E574617B64F0}.Release|Any CPU.Build.0 = Release|Any CPU
		{517F747C-A2CE-4670-8BC3-E574617B64F0}.Release|x64.ActiveCfg = Release|Any CPU
		{517F747C-A2CE-4670-8BC3-E574617B64F0}.Release|x64.Build.0 = Release|Any CPU
		{BF38B439-322C-47C3-BE24-22C6880FF797}.Debug|Any CPU.ActiveCfg = Debug|Any CPU
		{BF38B439-322C-47C3-BE24-22C6880FF797}.Debug|Any CPU.Build.0 = Debug|Any CPU
		{BF38B439-322C-47C3-BE24-22C6880FF797}.Debug|x64.ActiveCfg = Debug|Any CPU
		{BF38B439-322C-47C3-BE24-22C6880FF797}.Debug|x64.Build.0 = Debug|Any CPU
		{BF38B439-322C-47C3-BE24-22C6880FF797}.Release|Any CPU.ActiveCfg = Release|Any CPU
		{BF38B439-322C-47C3-BE24-22C6880FF797}.Release|Any CPU.Build.0 = Release|Any CPU
		{BF38B439-322C-47C3-BE24-22C6880FF797}.Release|x64.ActiveCfg = Release|Any CPU
		{BF38B439-322C-47C3-BE24-22C6880FF797}.Release|x64.Build.0 = Release|Any CPU
		{981D9C5B-2A08-4A62-9F14-5E7F01549B0F}.Debug|Any CPU.ActiveCfg = Debug|Any CPU
		{981D9C5B-2A08-4A62-9F14-5E7F01549B0F}.Debug|Any CPU.Build.0 = Debug|Any CPU
		{981D9C5B-2A08-4A62-9F14-5E7F01549B0F}.Debug|x64.ActiveCfg = Debug|Any CPU
		{981D9C5B-2A08-4A62-9F14-5E7F01549B0F}.Debug|x64.Build.0 = Debug|Any CPU
		{981D9C5B-2A08-4A62-9F14-5E7F01549B0F}.Release|Any CPU.ActiveCfg = Release|Any CPU
		{981D9C5B-2A08-4A62-9F14-5E7F01549B0F}.Release|Any CPU.Build.0 = Release|Any CPU
		{981D9C5B-2A08-4A62-9F14-5E7F01549B0F}.Release|x64.ActiveCfg = Release|Any CPU
		{981D9C5B-2A08-4A62-9F14-5E7F01549B0F}.Release|x64.Build.0 = Release|Any CPU
		{375B8734-C155-44EB-9D66-09B3C6D20E11}.Debug|Any CPU.ActiveCfg = Debug|Any CPU
		{375B8734-C155-44EB-9D66-09B3C6D20E11}.Debug|Any CPU.Build.0 = Debug|Any CPU
		{375B8734-C155-44EB-9D66-09B3C6D20E11}.Debug|x64.ActiveCfg = Debug|Any CPU
		{375B8734-C155-44EB-9D66-09B3C6D20E11}.Debug|x64.Build.0 = Debug|Any CPU
		{375B8734-C155-44EB-9D66-09B3C6D20E11}.Release|Any CPU.ActiveCfg = Release|Any CPU
		{375B8734-C155-44EB-9D66-09B3C6D20E11}.Release|Any CPU.Build.0 = Release|Any CPU
		{375B8734-C155-44EB-9D66-09B3C6D20E11}.Release|x64.ActiveCfg = Release|Any CPU
		{375B8734-C155-44EB-9D66-09B3C6D20E11}.Release|x64.Build.0 = Release|Any CPU
		{4BAE19DA-7077-41E5-B93A-562F89210B79}.Debug|Any CPU.ActiveCfg = Debug|Any CPU
		{4BAE19DA-7077-41E5-B93A-562F89210B79}.Debug|Any CPU.Build.0 = Debug|Any CPU
		{4BAE19DA-7077-41E5-B93A-562F89210B79}.Debug|x64.ActiveCfg = Debug|Any CPU
		{4BAE19DA-7077-41E5-B93A-562F89210B79}.Debug|x64.Build.0 = Debug|Any CPU
		{4BAE19DA-7077-41E5-B93A-562F89210B79}.Release|Any CPU.ActiveCfg = Release|Any CPU
		{4BAE19DA-7077-41E5-B93A-562F89210B79}.Release|x64.ActiveCfg = Release|Any CPU
		{4BAE19DA-7077-41E5-B93A-562F89210B79}.Release|x64.Build.0 = Release|Any CPU
	EndGlobalSection
	GlobalSection(SolutionProperties) = preSolution
		HideSolutionNode = FALSE
	EndGlobalSection
	GlobalSection(NestedProjects) = preSolution
		{72513BDE-C10F-4CAD-9F3B-630DE42DB489} = {A04A754A-F561-43EB-98BC-25455CB7FC81}
		{F21E9AC8-6B35-43AC-BAE9-81A73E12587A} = {A04A754A-F561-43EB-98BC-25455CB7FC81}
		{41BF72E9-0EAC-4689-B605-FD3A569FC013} = {A04A754A-F561-43EB-98BC-25455CB7FC81}
		{517F747C-A2CE-4670-8BC3-E574617B64F0} = {A04A754A-F561-43EB-98BC-25455CB7FC81}
		{8C8B69C6-D351-4D8D-8F16-F9ED4085ACA4} = {85EA5B52-61E1-4611-8AE0-DC52E39E9EC4}
		{BAB354C2-2354-49E2-916E-E04C7FF6C55D} = {A04A754A-F561-43EB-98BC-25455CB7FC81}
		{99F9AC58-39F1-44B2-BAC0-3E7AAAC68CE5} = {85EA5B52-61E1-4611-8AE0-DC52E39E9EC4}
		{981D9C5B-2A08-4A62-9F14-5E7F01549B0F} = {A04A754A-F561-43EB-98BC-25455CB7FC81}
		{A04A754A-F561-43EB-98BC-25455CB7FC81} = {1D27767B-10F2-42DC-BD84-3D4EEDBF842D}
		{68CA4F47-21DF-4A34-A6B8-0E5193B94D2A} = {1D27767B-10F2-42DC-BD84-3D4EEDBF842D}
	EndGlobalSection
	GlobalSection(ExtensibilityGlobals) = postSolution
		SolutionGuid = {173568F4-5DBE-4B8D-BBC9-E5D3ED1D8100}
	EndGlobalSection
EndGlobal
