
Microsoft Visual Studio Solution File, Format Version 12.00
# Visual Studio Version 17
VisualStudioVersion = 17.3.32929.385
MinimumVisualStudioVersion = 10.0.40219.1
Project("{2150E333-8FDC-42A3-9474-1A3956D46DE8}") = "Solution Items", "Solution Items", "{1D27767B-10F2-42DC-BD84-3D4EEDBF842D}"
	ProjectSection(SolutionItems) = preProject
		Script.txt = Script.txt
	EndProjectSection
EndProject
Project("{2150E333-8FDC-42A3-9474-1A3956D46DE8}") = "Testing", "Testing", "{A04A754A-F561-43EB-98BC-25455CB7FC81}"
	ProjectSection(SolutionItems) = preProject
		Script.txt = Script.txt
	EndProjectSection
EndProject
Project("{2150E333-8FDC-42A3-9474-1A3956D46DE8}") = "WPF", "WPF", "{D385BF6B-6C79-4938-92F8-854F5434E228}"
EndProject
Project("{9A19103F-16F7-4668-BE54-9A1E7A4F7556}") = "HaleyMVVM", "..\HaleyMVVM\HaleyMVVM\HaleyMVVM.csproj", "{0A6C45A4-0961-42B2-AC76-1555ABF12F17}"
EndProject
Project("{9A19103F-16F7-4668-BE54-9A1E7A4F7556}") = "HaleyWPF", "..\HaleyWPF\HaleyWPF\HaleyWPF.csproj", "{406750DD-CD6C-4CB2-9419-BF4803661C9F}"
EndProject
Project("{FAE04EC0-301F-11D3-BF4B-00C04F79EFBC}") = "WPF.Test", "..\HaleyWPF\_TESTING\WPF.Test\WPF.Test.csproj", "{00B06F81-F672-40CD-8149-CA14D721DD7C}"
EndProject
Project("{FAE04EC0-301F-11D3-BF4B-00C04F79EFBC}") = "WPF.Test.External", "..\HaleyWPF\_TESTING\WPF.Test.External\WPF.Test.External.csproj", "{55CABF85-5B4B-42CF-B974-0F5501BB17AD}"
EndProject
Project("{2150E333-8FDC-42A3-9474-1A3956D46DE8}") = "Shared", "Shared", "{6E9B084D-FE1C-4D69-8D49-00FC167A23C0}"
EndProject
Project("{D954291E-2A0B-460D-934E-DC6B0785DB48}") = "XamlUtilsShared", "..\HaleyXamlShared\XamlUtilsShared\XamlUtilsShared.shproj", "{9677EDBD-EA53-47EF-B8CB-8546516624A8}"
EndProject
Project("{9A19103F-16F7-4668-BE54-9A1E7A4F7556}") = "HaleyWPFIconsPack", "..\HaleyWPFIconsPack\HaleyWPFIconsPack\HaleyWPFIconsPack.csproj", "{1593B52A-2134-48AF-BC8B-165F9127E0C0}"
EndProject
Project("{9A19103F-16F7-4668-BE54-9A1E7A4F7556}") = "ResourceTest", "..\HaleyWPFIconsPack\ResourceTest\ResourceTest.csproj", "{495193F9-2917-4C78-A932-C7CB6E04A627}"
EndProject
Global
	GlobalSection(SolutionConfigurationPlatforms) = preSolution
		Debug|Any CPU = Debug|Any CPU
		DebugWB|Any CPU = DebugWB|Any CPU
		Release|Any CPU = Release|Any CPU
	EndGlobalSection
	GlobalSection(ProjectConfigurationPlatforms) = postSolution
		{0A6C45A4-0961-42B2-AC76-1555ABF12F17}.Debug|Any CPU.ActiveCfg = Debug|Any CPU
		{0A6C45A4-0961-42B2-AC76-1555ABF12F17}.Debug|Any CPU.Build.0 = Debug|Any CPU
		{0A6C45A4-0961-42B2-AC76-1555ABF12F17}.DebugWB|Any CPU.ActiveCfg = DebugWB|Any CPU
		{0A6C45A4-0961-42B2-AC76-1555ABF12F17}.DebugWB|Any CPU.Build.0 = DebugWB|Any CPU
		{0A6C45A4-0961-42B2-AC76-1555ABF12F17}.Release|Any CPU.ActiveCfg = Release|Any CPU
		{0A6C45A4-0961-42B2-AC76-1555ABF12F17}.Release|Any CPU.Build.0 = Release|Any CPU
		{406750DD-CD6C-4CB2-9419-BF4803661C9F}.Debug|Any CPU.ActiveCfg = Debug|Any CPU
		{406750DD-CD6C-4CB2-9419-BF4803661C9F}.Debug|Any CPU.Build.0 = Debug|Any CPU
		{406750DD-CD6C-4CB2-9419-BF4803661C9F}.DebugWB|Any CPU.ActiveCfg = DebugWB|Any CPU
		{406750DD-CD6C-4CB2-9419-BF4803661C9F}.Release|Any CPU.ActiveCfg = Release|Any CPU
		{406750DD-CD6C-4CB2-9419-BF4803661C9F}.Release|Any CPU.Build.0 = Release|Any CPU
		{00B06F81-F672-40CD-8149-CA14D721DD7C}.Debug|Any CPU.ActiveCfg = Debug|Any CPU
		{00B06F81-F672-40CD-8149-CA14D721DD7C}.Debug|Any CPU.Build.0 = Debug|Any CPU
		{00B06F81-F672-40CD-8149-CA14D721DD7C}.DebugWB|Any CPU.ActiveCfg = DebugWB|Any CPU
		{00B06F81-F672-40CD-8149-CA14D721DD7C}.DebugWB|Any CPU.Build.0 = DebugWB|Any CPU
		{00B06F81-F672-40CD-8149-CA14D721DD7C}.Release|Any CPU.ActiveCfg = Release|Any CPU
		{00B06F81-F672-40CD-8149-CA14D721DD7C}.Release|Any CPU.Build.0 = Release|Any CPU
		{55CABF85-5B4B-42CF-B974-0F5501BB17AD}.Debug|Any CPU.ActiveCfg = Debug|Any CPU
		{55CABF85-5B4B-42CF-B974-0F5501BB17AD}.Debug|Any CPU.Build.0 = Debug|Any CPU
		{55CABF85-5B4B-42CF-B974-0F5501BB17AD}.DebugWB|Any CPU.ActiveCfg = DebugWB|Any CPU
		{55CABF85-5B4B-42CF-B974-0F5501BB17AD}.Release|Any CPU.ActiveCfg = Release|Any CPU
		{55CABF85-5B4B-42CF-B974-0F5501BB17AD}.Release|Any CPU.Build.0 = Release|Any CPU
		{1593B52A-2134-48AF-BC8B-165F9127E0C0}.Debug|Any CPU.ActiveCfg = Debug|Any CPU
		{1593B52A-2134-48AF-BC8B-165F9127E0C0}.Debug|Any CPU.Build.0 = Debug|Any CPU
		{1593B52A-2134-48AF-BC8B-165F9127E0C0}.DebugWB|Any CPU.ActiveCfg = DebugWB|Any CPU
		{1593B52A-2134-48AF-BC8B-165F9127E0C0}.Release|Any CPU.ActiveCfg = Release|Any CPU
		{1593B52A-2134-48AF-BC8B-165F9127E0C0}.Release|Any CPU.Build.0 = Release|Any CPU
		{495193F9-2917-4C78-A932-C7CB6E04A627}.Debug|Any CPU.ActiveCfg = Debug|Any CPU
		{495193F9-2917-4C78-A932-C7CB6E04A627}.Debug|Any CPU.Build.0 = Debug|Any CPU
		{495193F9-2917-4C78-A932-C7CB6E04A627}.DebugWB|Any CPU.ActiveCfg = Debug|Any CPU
		{495193F9-2917-4C78-A932-C7CB6E04A627}.Release|Any CPU.ActiveCfg = Release|Any CPU
		{495193F9-2917-4C78-A932-C7CB6E04A627}.Release|Any CPU.Build.0 = Release|Any CPU
	EndGlobalSection
	GlobalSection(SolutionProperties) = preSolution
		HideSolutionNode = FALSE
	EndGlobalSection
	GlobalSection(NestedProjects) = preSolution
		{A04A754A-F561-43EB-98BC-25455CB7FC81} = {1D27767B-10F2-42DC-BD84-3D4EEDBF842D}
		{0A6C45A4-0961-42B2-AC76-1555ABF12F17} = {D385BF6B-6C79-4938-92F8-854F5434E228}
		{406750DD-CD6C-4CB2-9419-BF4803661C9F} = {D385BF6B-6C79-4938-92F8-854F5434E228}
		{00B06F81-F672-40CD-8149-CA14D721DD7C} = {A04A754A-F561-43EB-98BC-25455CB7FC81}
		{55CABF85-5B4B-42CF-B974-0F5501BB17AD} = {A04A754A-F561-43EB-98BC-25455CB7FC81}
		{9677EDBD-EA53-47EF-B8CB-8546516624A8} = {6E9B084D-FE1C-4D69-8D49-00FC167A23C0}
		{495193F9-2917-4C78-A932-C7CB6E04A627} = {A04A754A-F561-43EB-98BC-25455CB7FC81}
	EndGlobalSection
	GlobalSection(ExtensibilityGlobals) = postSolution
		SolutionGuid = {173568F4-5DBE-4B8D-BBC9-E5D3ED1D8100}
	EndGlobalSection
	GlobalSection(SharedMSBuildProjectFiles) = preSolution
		..\HaleyXamlShared\XamlUtilsShared\XamlUtilsShared.projitems*{0a6c45a4-0961-42b2-ac76-1555abf12f17}*SharedItemsImports = 5
		..\HaleyXamlShared\XamlUtilsShared\XamlUtilsShared.projitems*{1593b52a-2134-48af-bc8b-165f9127e0c0}*SharedItemsImports = 5
		..\HaleyXamlShared\XamlUtilsShared\XamlUtilsShared.projitems*{9677edbd-ea53-47ef-b8cb-8546516624a8}*SharedItemsImports = 13
	EndGlobalSection
EndGlobal
